
Microsoft Visual Studio Solution File, Format Version 12.00
# Visual Studio 14
VisualStudioVersion = 14.0.25420.1
MinimumVisualStudioVersion = 10.0.40219.1
Project("{FAE04EC0-301F-11D3-BF4B-00C04F79EFBC}") = "Cats.Android", "Cats\Cats.Android\Cats.Android.csproj", "{02E973E8-9333-4BF4-ACFF-5165AAD45686}"
EndProject
Project("{FAE04EC0-301F-11D3-BF4B-00C04F79EFBC}") = "Cats", "Cats\Cats\Cats.csproj", "{D42575F6-9AAB-4221-9666-95DD6119635D}"
EndProject
Project("{FAE04EC0-301F-11D3-BF4B-00C04F79EFBC}") = "Cats.UWP", "Cats\Cats.UWP\Cats.UWP.csproj", "{4D8E6302-3AB8-49AA-AB85-2230ABC93ADE}"
EndProject
Project("{FAE04EC0-301F-11D3-BF4B-00C04F79EFBC}") = "Cats.iOS", "Cats\Cats.iOS\Cats.iOS.csproj", "{1A8D3B95-948A-4FAB-9DFE-CDDA9A1EA9AC}"
EndProject
Global
	GlobalSection(SolutionConfigurationPlatforms) = preSolution
		Ad-Hoc|Any CPU = Ad-Hoc|Any CPU
		Ad-Hoc|ARM = Ad-Hoc|ARM
		Ad-Hoc|iPhone = Ad-Hoc|iPhone
		Ad-Hoc|iPhoneSimulator = Ad-Hoc|iPhoneSimulator
		Ad-Hoc|x64 = Ad-Hoc|x64
		Ad-Hoc|x86 = Ad-Hoc|x86
		AppStore|Any CPU = AppStore|Any CPU
		AppStore|ARM = AppStore|ARM
		AppStore|iPhone = AppStore|iPhone
		AppStore|iPhoneSimulator = AppStore|iPhoneSimulator
		AppStore|x64 = AppStore|x64
		AppStore|x86 = AppStore|x86
		Debug|Any CPU = Debug|Any CPU
		Debug|ARM = Debug|ARM
		Debug|iPhone = Debug|iPhone
		Debug|iPhoneSimulator = Debug|iPhoneSimulator
		Debug|x64 = Debug|x64
		Debug|x86 = Debug|x86
		Release|Any CPU = Release|Any CPU
		Release|ARM = Release|ARM
		Release|iPhone = Release|iPhone
		Release|iPhoneSimulator = Release|iPhoneSimulator
		Release|x64 = Release|x64
		Release|x86 = Release|x86
	EndGlobalSection
	GlobalSection(ProjectConfigurationPlatforms) = postSolution
		{02E973E8-9333-4BF4-ACFF-5165AAD45686}.Ad-Hoc|Any CPU.ActiveCfg = Release|Any CPU
		{02E973E8-9333-4BF4-ACFF-5165AAD45686}.Ad-Hoc|Any CPU.Build.0 = Release|Any CPU
		{02E973E8-9333-4BF4-ACFF-5165AAD45686}.Ad-Hoc|Any CPU.Deploy.0 = Release|Any CPU
		{02E973E8-9333-4BF4-ACFF-5165AAD45686}.Ad-Hoc|ARM.ActiveCfg = Release|Any CPU
		{02E973E8-9333-4BF4-ACFF-5165AAD45686}.Ad-Hoc|ARM.Build.0 = Release|Any CPU
		{02E973E8-9333-4BF4-ACFF-5165AAD45686}.Ad-Hoc|ARM.Deploy.0 = Release|Any CPU
		{02E973E8-9333-4BF4-ACFF-5165AAD45686}.Ad-Hoc|iPhone.ActiveCfg = Release|Any CPU
		{02E973E8-9333-4BF4-ACFF-5165AAD45686}.Ad-Hoc|iPhone.Build.0 = Release|Any CPU
		{02E973E8-9333-4BF4-ACFF-5165AAD45686}.Ad-Hoc|iPhone.Deploy.0 = Release|Any CPU
		{02E973E8-9333-4BF4-ACFF-5165AAD45686}.Ad-Hoc|iPhoneSimulator.ActiveCfg = Release|Any CPU
		{02E973E8-9333-4BF4-ACFF-5165AAD45686}.Ad-Hoc|iPhoneSimulator.Build.0 = Release|Any CPU
		{02E973E8-9333-4BF4-ACFF-5165AAD45686}.Ad-Hoc|iPhoneSimulator.Deploy.0 = Release|Any CPU
		{02E973E8-9333-4BF4-ACFF-5165AAD45686}.Ad-Hoc|x64.ActiveCfg = Release|Any CPU
		{02E973E8-9333-4BF4-ACFF-5165AAD45686}.Ad-Hoc|x64.Build.0 = Release|Any CPU
		{02E973E8-9333-4BF4-ACFF-5165AAD45686}.Ad-Hoc|x64.Deploy.0 = Release|Any CPU
		{02E973E8-9333-4BF4-ACFF-5165AAD45686}.Ad-Hoc|x86.ActiveCfg = Release|Any CPU
		{02E973E8-9333-4BF4-ACFF-5165AAD45686}.Ad-Hoc|x86.Build.0 = Release|Any CPU
		{02E973E8-9333-4BF4-ACFF-5165AAD45686}.Ad-Hoc|x86.Deploy.0 = Release|Any CPU
		{02E973E8-9333-4BF4-ACFF-5165AAD45686}.AppStore|Any CPU.ActiveCfg = Release|Any CPU
		{02E973E8-9333-4BF4-ACFF-5165AAD45686}.AppStore|Any CPU.Build.0 = Release|Any CPU
		{02E973E8-9333-4BF4-ACFF-5165AAD45686}.AppStore|Any CPU.Deploy.0 = Release|Any CPU
		{02E973E8-9333-4BF4-ACFF-5165AAD45686}.AppStore|ARM.ActiveCfg = Release|Any CPU
		{02E973E8-9333-4BF4-ACFF-5165AAD45686}.AppStore|ARM.Build.0 = Release|Any CPU
		{02E973E8-9333-4BF4-ACFF-5165AAD45686}.AppStore|ARM.Deploy.0 = Release|Any CPU
		{02E973E8-9333-4BF4-ACFF-5165AAD45686}.AppStore|iPhone.ActiveCfg = Release|Any CPU
		{02E973E8-9333-4BF4-ACFF-5165AAD45686}.AppStore|iPhone.Build.0 = Release|Any CPU
		{02E973E8-9333-4BF4-ACFF-5165AAD45686}.AppStore|iPhone.Deploy.0 = Release|Any CPU
		{02E973E8-9333-4BF4-ACFF-5165AAD45686}.AppStore|iPhoneSimulator.ActiveCfg = Release|Any CPU
		{02E973E8-9333-4BF4-ACFF-5165AAD45686}.AppStore|iPhoneSimulator.Build.0 = Release|Any CPU
		{02E973E8-9333-4BF4-ACFF-5165AAD45686}.AppStore|iPhoneSimulator.Deploy.0 = Release|Any CPU
		{02E973E8-9333-4BF4-ACFF-5165AAD45686}.AppStore|x64.ActiveCfg = Release|Any CPU
		{02E973E8-9333-4BF4-ACFF-5165AAD45686}.AppStore|x64.Build.0 = Release|Any CPU
		{02E973E8-9333-4BF4-ACFF-5165AAD45686}.AppStore|x64.Deploy.0 = Release|Any CPU
		{02E973E8-9333-4BF4-ACFF-5165AAD45686}.AppStore|x86.ActiveCfg = Release|Any CPU
		{02E973E8-9333-4BF4-ACFF-5165AAD45686}.AppStore|x86.Build.0 = Release|Any CPU
		{02E973E8-9333-4BF4-ACFF-5165AAD45686}.AppStore|x86.Deploy.0 = Release|Any CPU
		{02E973E8-9333-4BF4-ACFF-5165AAD45686}.Debug|Any CPU.ActiveCfg = Debug|Any CPU
		{02E973E8-9333-4BF4-ACFF-5165AAD45686}.Debug|Any CPU.Build.0 = Debug|Any CPU
		{02E973E8-9333-4BF4-ACFF-5165AAD45686}.Debug|Any CPU.Deploy.0 = Debug|Any CPU
		{02E973E8-9333-4BF4-ACFF-5165AAD45686}.Debug|ARM.ActiveCfg = Debug|Any CPU
		{02E973E8-9333-4BF4-ACFF-5165AAD45686}.Debug|ARM.Build.0 = Debug|Any CPU
		{02E973E8-9333-4BF4-ACFF-5165AAD45686}.Debug|ARM.Deploy.0 = Debug|Any CPU
		{02E973E8-9333-4BF4-ACFF-5165AAD45686}.Debug|iPhone.ActiveCfg = Debug|Any CPU
		{02E973E8-9333-4BF4-ACFF-5165AAD45686}.Debug|iPhone.Build.0 = Debug|Any CPU
		{02E973E8-9333-4BF4-ACFF-5165AAD45686}.Debug|iPhone.Deploy.0 = Debug|Any CPU
		{02E973E8-9333-4BF4-ACFF-5165AAD45686}.Debug|iPhoneSimulator.ActiveCfg = Debug|Any CPU
		{02E973E8-9333-4BF4-ACFF-5165AAD45686}.Debug|iPhoneSimulator.Build.0 = Debug|Any CPU
		{02E973E8-9333-4BF4-ACFF-5165AAD45686}.Debug|iPhoneSimulator.Deploy.0 = Debug|Any CPU
		{02E973E8-9333-4BF4-ACFF-5165AAD45686}.Debug|x64.ActiveCfg = Debug|Any CPU
		{02E973E8-9333-4BF4-ACFF-5165AAD45686}.Debug|x64.Build.0 = Debug|Any CPU
		{02E973E8-9333-4BF4-ACFF-5165AAD45686}.Debug|x64.Deploy.0 = Debug|Any CPU
		{02E973E8-9333-4BF4-ACFF-5165AAD45686}.Debug|x86.ActiveCfg = Debug|Any CPU
		{02E973E8-9333-4BF4-ACFF-5165AAD45686}.Debug|x86.Build.0 = Debug|Any CPU
		{02E973E8-9333-4BF4-ACFF-5165AAD45686}.Debug|x86.Deploy.0 = Debug|Any CPU
		{02E973E8-9333-4BF4-ACFF-5165AAD45686}.Release|Any CPU.ActiveCfg = Release|Any CPU
		{02E973E8-9333-4BF4-ACFF-5165AAD45686}.Release|Any CPU.Build.0 = Release|Any CPU
		{02E973E8-9333-4BF4-ACFF-5165AAD45686}.Release|Any CPU.Deploy.0 = Release|Any CPU
		{02E973E8-9333-4BF4-ACFF-5165AAD45686}.Release|ARM.ActiveCfg = Release|Any CPU
		{02E973E8-9333-4BF4-ACFF-5165AAD45686}.Release|ARM.Build.0 = Release|Any CPU
		{02E973E8-9333-4BF4-ACFF-5165AAD45686}.Release|ARM.Deploy.0 = Release|Any CPU
		{02E973E8-9333-4BF4-ACFF-5165AAD45686}.Release|iPhone.ActiveCfg = Release|Any CPU
		{02E973E8-9333-4BF4-ACFF-5165AAD45686}.Release|iPhone.Build.0 = Release|Any CPU
		{02E973E8-9333-4BF4-ACFF-5165AAD45686}.Release|iPhone.Deploy.0 = Release|Any CPU
		{02E973E8-9333-4BF4-ACFF-5165AAD45686}.Release|iPhoneSimulator.ActiveCfg = Release|Any CPU
		{02E973E8-9333-4BF4-ACFF-5165AAD45686}.Release|iPhoneSimulator.Build.0 = Release|Any CPU
		{02E973E8-9333-4BF4-ACFF-5165AAD45686}.Release|iPhoneSimulator.Deploy.0 = Release|Any CPU
		{02E973E8-9333-4BF4-ACFF-5165AAD45686}.Release|x64.ActiveCfg = Release|Any CPU
		{02E973E8-9333-4BF4-ACFF-5165AAD45686}.Release|x64.Build.0 = Release|Any CPU
		{02E973E8-9333-4BF4-ACFF-5165AAD45686}.Release|x64.Deploy.0 = Release|Any CPU
		{02E973E8-9333-4BF4-ACFF-5165AAD45686}.Release|x86.ActiveCfg = Release|Any CPU
		{02E973E8-9333-4BF4-ACFF-5165AAD45686}.Release|x86.Build.0 = Release|Any CPU
		{02E973E8-9333-4BF4-ACFF-5165AAD45686}.Release|x86.Deploy.0 = Release|Any CPU
		{D42575F6-9AAB-4221-9666-95DD6119635D}.Ad-Hoc|Any CPU.ActiveCfg = Release|Any CPU
		{D42575F6-9AAB-4221-9666-95DD6119635D}.Ad-Hoc|Any CPU.Build.0 = Release|Any CPU
		{D42575F6-9AAB-4221-9666-95DD6119635D}.Ad-Hoc|ARM.ActiveCfg = Release|Any CPU
		{D42575F6-9AAB-4221-9666-95DD6119635D}.Ad-Hoc|ARM.Build.0 = Release|Any CPU
		{D42575F6-9AAB-4221-9666-95DD6119635D}.Ad-Hoc|iPhone.ActiveCfg = Release|Any CPU
		{D42575F6-9AAB-4221-9666-95DD6119635D}.Ad-Hoc|iPhone.Build.0 = Release|Any CPU
		{D42575F6-9AAB-4221-9666-95DD6119635D}.Ad-Hoc|iPhoneSimulator.ActiveCfg = Release|Any CPU
		{D42575F6-9AAB-4221-9666-95DD6119635D}.Ad-Hoc|iPhoneSimulator.Build.0 = Release|Any CPU
		{D42575F6-9AAB-4221-9666-95DD6119635D}.Ad-Hoc|x64.ActiveCfg = Release|Any CPU
		{D42575F6-9AAB-4221-9666-95DD6119635D}.Ad-Hoc|x64.Build.0 = Release|Any CPU
		{D42575F6-9AAB-4221-9666-95DD6119635D}.Ad-Hoc|x86.ActiveCfg = Release|Any CPU
		{D42575F6-9AAB-4221-9666-95DD6119635D}.Ad-Hoc|x86.Build.0 = Release|Any CPU
		{D42575F6-9AAB-4221-9666-95DD6119635D}.AppStore|Any CPU.ActiveCfg = Release|Any CPU
		{D42575F6-9AAB-4221-9666-95DD6119635D}.AppStore|Any CPU.Build.0 = Release|Any CPU
		{D42575F6-9AAB-4221-9666-95DD6119635D}.AppStore|ARM.ActiveCfg = Release|Any CPU
		{D42575F6-9AAB-4221-9666-95DD6119635D}.AppStore|ARM.Build.0 = Release|Any CPU
		{D42575F6-9AAB-4221-9666-95DD6119635D}.AppStore|iPhone.ActiveCfg = Release|Any CPU
		{D42575F6-9AAB-4221-9666-95DD6119635D}.AppStore|iPhone.Build.0 = Release|Any CPU
		{D42575F6-9AAB-4221-9666-95DD6119635D}.AppStore|iPhoneSimulator.ActiveCfg = Release|Any CPU
		{D42575F6-9AAB-4221-9666-95DD6119635D}.AppStore|iPhoneSimulator.Build.0 = Release|Any CPU
		{D42575F6-9AAB-4221-9666-95DD6119635D}.AppStore|x64.ActiveCfg = Release|Any CPU
		{D42575F6-9AAB-4221-9666-95DD6119635D}.AppStore|x64.Build.0 = Release|Any CPU
		{D42575F6-9AAB-4221-9666-95DD6119635D}.AppStore|x86.ActiveCfg = Release|Any CPU
		{D42575F6-9AAB-4221-9666-95DD6119635D}.AppStore|x86.Build.0 = Release|Any CPU
		{D42575F6-9AAB-4221-9666-95DD6119635D}.Debug|Any CPU.ActiveCfg = Debug|Any CPU
		{D42575F6-9AAB-4221-9666-95DD6119635D}.Debug|Any CPU.Build.0 = Debug|Any CPU
		{D42575F6-9AAB-4221-9666-95DD6119635D}.Debug|ARM.ActiveCfg = Debug|Any CPU
		{D42575F6-9AAB-4221-9666-95DD6119635D}.Debug|ARM.Build.0 = Debug|Any CPU
		{D42575F6-9AAB-4221-9666-95DD6119635D}.Debug|iPhone.ActiveCfg = Debug|Any CPU
		{D42575F6-9AAB-4221-9666-95DD6119635D}.Debug|iPhone.Build.0 = Debug|Any CPU
		{D42575F6-9AAB-4221-9666-95DD6119635D}.Debug|iPhoneSimulator.ActiveCfg = Debug|Any CPU
		{D42575F6-9AAB-4221-9666-95DD6119635D}.Debug|iPhoneSimulator.Build.0 = Debug|Any CPU
		{D42575F6-9AAB-4221-9666-95DD6119635D}.Debug|x64.ActiveCfg = Debug|Any CPU
		{D42575F6-9AAB-4221-9666-95DD6119635D}.Debug|x64.Build.0 = Debug|Any CPU
		{D42575F6-9AAB-4221-9666-95DD6119635D}.Debug|x86.ActiveCfg = Debug|Any CPU
		{D42575F6-9AAB-4221-9666-95DD6119635D}.Debug|x86.Build.0 = Debug|Any CPU
		{D42575F6-9AAB-4221-9666-95DD6119635D}.Release|Any CPU.ActiveCfg = Release|Any CPU
		{D42575F6-9AAB-4221-9666-95DD6119635D}.Release|Any CPU.Build.0 = Release|Any CPU
		{D42575F6-9AAB-4221-9666-95DD6119635D}.Release|ARM.ActiveCfg = Release|Any CPU
		{D42575F6-9AAB-4221-9666-95DD6119635D}.Release|ARM.Build.0 = Release|Any CPU
		{D42575F6-9AAB-4221-9666-95DD6119635D}.Release|iPhone.ActiveCfg = Release|Any CPU
		{D42575F6-9AAB-4221-9666-95DD6119635D}.Release|iPhone.Build.0 = Release|Any CPU
		{D42575F6-9AAB-4221-9666-95DD6119635D}.Release|iPhoneSimulator.ActiveCfg = Release|Any CPU
		{D42575F6-9AAB-4221-9666-95DD6119635D}.Release|iPhoneSimulator.Build.0 = Release|Any CPU
		{D42575F6-9AAB-4221-9666-95DD6119635D}.Release|x64.ActiveCfg = Release|Any CPU
		{D42575F6-9AAB-4221-9666-95DD6119635D}.Release|x64.Build.0 = Release|Any CPU
		{D42575F6-9AAB-4221-9666-95DD6119635D}.Release|x86.ActiveCfg = Release|Any CPU
		{D42575F6-9AAB-4221-9666-95DD6119635D}.Release|x86.Build.0 = Release|Any CPU
		{4D8E6302-3AB8-49AA-AB85-2230ABC93ADE}.Ad-Hoc|Any CPU.ActiveCfg = Release|x86
		{4D8E6302-3AB8-49AA-AB85-2230ABC93ADE}.Ad-Hoc|Any CPU.Build.0 = Release|x86
		{4D8E6302-3AB8-49AA-AB85-2230ABC93ADE}.Ad-Hoc|Any CPU.Deploy.0 = Release|x86
		{4D8E6302-3AB8-49AA-AB85-2230ABC93ADE}.Ad-Hoc|ARM.ActiveCfg = Release|ARM
		{4D8E6302-3AB8-49AA-AB85-2230ABC93ADE}.Ad-Hoc|ARM.Build.0 = Release|ARM
		{4D8E6302-3AB8-49AA-AB85-2230ABC93ADE}.Ad-Hoc|ARM.Deploy.0 = Release|ARM
		{4D8E6302-3AB8-49AA-AB85-2230ABC93ADE}.Ad-Hoc|iPhone.ActiveCfg = Release|x86
		{4D8E6302-3AB8-49AA-AB85-2230ABC93ADE}.Ad-Hoc|iPhone.Build.0 = Release|x86
		{4D8E6302-3AB8-49AA-AB85-2230ABC93ADE}.Ad-Hoc|iPhone.Deploy.0 = Release|x86
		{4D8E6302-3AB8-49AA-AB85-2230ABC93ADE}.Ad-Hoc|iPhoneSimulator.ActiveCfg = Release|x86
		{4D8E6302-3AB8-49AA-AB85-2230ABC93ADE}.Ad-Hoc|iPhoneSimulator.Build.0 = Release|x86
		{4D8E6302-3AB8-49AA-AB85-2230ABC93ADE}.Ad-Hoc|iPhoneSimulator.Deploy.0 = Release|x86
		{4D8E6302-3AB8-49AA-AB85-2230ABC93ADE}.Ad-Hoc|x64.ActiveCfg = Release|x64
		{4D8E6302-3AB8-49AA-AB85-2230ABC93ADE}.Ad-Hoc|x64.Build.0 = Release|x64
		{4D8E6302-3AB8-49AA-AB85-2230ABC93ADE}.Ad-Hoc|x64.Deploy.0 = Release|x64
		{4D8E6302-3AB8-49AA-AB85-2230ABC93ADE}.Ad-Hoc|x86.ActiveCfg = Release|x86
		{4D8E6302-3AB8-49AA-AB85-2230ABC93ADE}.Ad-Hoc|x86.Build.0 = Release|x86
		{4D8E6302-3AB8-49AA-AB85-2230ABC93ADE}.Ad-Hoc|x86.Deploy.0 = Release|x86
		{4D8E6302-3AB8-49AA-AB85-2230ABC93ADE}.AppStore|Any CPU.ActiveCfg = Release|x86
		{4D8E6302-3AB8-49AA-AB85-2230ABC93ADE}.AppStore|Any CPU.Build.0 = Release|x86
		{4D8E6302-3AB8-49AA-AB85-2230ABC93ADE}.AppStore|Any CPU.Deploy.0 = Release|x86
		{4D8E6302-3AB8-49AA-AB85-2230ABC93ADE}.AppStore|ARM.ActiveCfg = Release|ARM
		{4D8E6302-3AB8-49AA-AB85-2230ABC93ADE}.AppStore|ARM.Build.0 = Release|ARM
		{4D8E6302-3AB8-49AA-AB85-2230ABC93ADE}.AppStore|ARM.Deploy.0 = Release|ARM
		{4D8E6302-3AB8-49AA-AB85-2230ABC93ADE}.AppStore|iPhone.ActiveCfg = Release|x86
		{4D8E6302-3AB8-49AA-AB85-2230ABC93ADE}.AppStore|iPhone.Build.0 = Release|x86
		{4D8E6302-3AB8-49AA-AB85-2230ABC93ADE}.AppStore|iPhone.Deploy.0 = Release|x86
		{4D8E6302-3AB8-49AA-AB85-2230ABC93ADE}.AppStore|iPhoneSimulator.ActiveCfg = Release|x86
		{4D8E6302-3AB8-49AA-AB85-2230ABC93ADE}.AppStore|iPhoneSimulator.Build.0 = Release|x86
		{4D8E6302-3AB8-49AA-AB85-2230ABC93ADE}.AppStore|iPhoneSimulator.Deploy.0 = Release|x86
		{4D8E6302-3AB8-49AA-AB85-2230ABC93ADE}.AppStore|x64.ActiveCfg = Release|x64
		{4D8E6302-3AB8-49AA-AB85-2230ABC93ADE}.AppStore|x64.Build.0 = Release|x64
		{4D8E6302-3AB8-49AA-AB85-2230ABC93ADE}.AppStore|x64.Deploy.0 = Release|x64
		{4D8E6302-3AB8-49AA-AB85-2230ABC93ADE}.AppStore|x86.ActiveCfg = Release|x86
		{4D8E6302-3AB8-49AA-AB85-2230ABC93ADE}.AppStore|x86.Build.0 = Release|x86
		{4D8E6302-3AB8-49AA-AB85-2230ABC93ADE}.AppStore|x86.Deploy.0 = Release|x86
		{4D8E6302-3AB8-49AA-AB85-2230ABC93ADE}.Debug|Any CPU.ActiveCfg = Debug|x86
		{4D8E6302-3AB8-49AA-AB85-2230ABC93ADE}.Debug|ARM.ActiveCfg = Debug|ARM
		{4D8E6302-3AB8-49AA-AB85-2230ABC93ADE}.Debug|ARM.Build.0 = Debug|ARM
		{4D8E6302-3AB8-49AA-AB85-2230ABC93ADE}.Debug|ARM.Deploy.0 = Debug|ARM
		{4D8E6302-3AB8-49AA-AB85-2230ABC93ADE}.Debug|iPhone.ActiveCfg = Debug|x86
		{4D8E6302-3AB8-49AA-AB85-2230ABC93ADE}.Debug|iPhoneSimulator.ActiveCfg = Debug|x86
		{4D8E6302-3AB8-49AA-AB85-2230ABC93ADE}.Debug|x64.ActiveCfg = Debug|x64
		{4D8E6302-3AB8-49AA-AB85-2230ABC93ADE}.Debug|x64.Build.0 = Debug|x64
		{4D8E6302-3AB8-49AA-AB85-2230ABC93ADE}.Debug|x64.Deploy.0 = Debug|x64
		{4D8E6302-3AB8-49AA-AB85-2230ABC93ADE}.Debug|x86.ActiveCfg = Debug|x86
		{4D8E6302-3AB8-49AA-AB85-2230ABC93ADE}.Debug|x86.Build.0 = Debug|x86
		{4D8E6302-3AB8-49AA-AB85-2230ABC93ADE}.Debug|x86.Deploy.0 = Debug|x86
		{4D8E6302-3AB8-49AA-AB85-2230ABC93ADE}.Release|Any CPU.ActiveCfg = Release|x86
		{4D8E6302-3AB8-49AA-AB85-2230ABC93ADE}.Release|ARM.ActiveCfg = Release|ARM
		{4D8E6302-3AB8-49AA-AB85-2230ABC93ADE}.Release|ARM.Build.0 = Release|ARM
		{4D8E6302-3AB8-49AA-AB85-2230ABC93ADE}.Release|ARM.Deploy.0 = Release|ARM
		{4D8E6302-3AB8-49AA-AB85-2230ABC93ADE}.Release|iPhone.ActiveCfg = Release|x86
		{4D8E6302-3AB8-49AA-AB85-2230ABC93ADE}.Release|iPhoneSimulator.ActiveCfg = Release|x86
		{4D8E6302-3AB8-49AA-AB85-2230ABC93ADE}.Release|x64.ActiveCfg = Release|x64
		{4D8E6302-3AB8-49AA-AB85-2230ABC93ADE}.Release|x64.Build.0 = Release|x64
		{4D8E6302-3AB8-49AA-AB85-2230ABC93ADE}.Release|x64.Deploy.0 = Release|x64
		{4D8E6302-3AB8-49AA-AB85-2230ABC93ADE}.Release|x86.ActiveCfg = Release|x86
		{4D8E6302-3AB8-49AA-AB85-2230ABC93ADE}.Release|x86.Build.0 = Release|x86
		{4D8E6302-3AB8-49AA-AB85-2230ABC93ADE}.Release|x86.Deploy.0 = Release|x86
		{1A8D3B95-948A-4FAB-9DFE-CDDA9A1EA9AC}.Ad-Hoc|Any CPU.ActiveCfg = Ad-Hoc|iPhone
		{1A8D3B95-948A-4FAB-9DFE-CDDA9A1EA9AC}.Ad-Hoc|ARM.ActiveCfg = Ad-Hoc|iPhone
		{1A8D3B95-948A-4FAB-9DFE-CDDA9A1EA9AC}.Ad-Hoc|iPhone.ActiveCfg = Ad-Hoc|iPhone
		{1A8D3B95-948A-4FAB-9DFE-CDDA9A1EA9AC}.Ad-Hoc|iPhone.Build.0 = Ad-Hoc|iPhone
		{1A8D3B95-948A-4FAB-9DFE-CDDA9A1EA9AC}.Ad-Hoc|iPhoneSimulator.ActiveCfg = Ad-Hoc|iPhoneSimulator
		{1A8D3B95-948A-4FAB-9DFE-CDDA9A1EA9AC}.Ad-Hoc|iPhoneSimulator.Build.0 = Ad-Hoc|iPhoneSimulator
		{1A8D3B95-948A-4FAB-9DFE-CDDA9A1EA9AC}.Ad-Hoc|x64.ActiveCfg = Ad-Hoc|iPhone
		{1A8D3B95-948A-4FAB-9DFE-CDDA9A1EA9AC}.Ad-Hoc|x86.ActiveCfg = Ad-Hoc|iPhone
		{1A8D3B95-948A-4FAB-9DFE-CDDA9A1EA9AC}.AppStore|Any CPU.ActiveCfg = AppStore|iPhone
		{1A8D3B95-948A-4FAB-9DFE-CDDA9A1EA9AC}.AppStore|ARM.ActiveCfg = AppStore|iPhone
		{1A8D3B95-948A-4FAB-9DFE-CDDA9A1EA9AC}.AppStore|iPhone.ActiveCfg = AppStore|iPhone
		{1A8D3B95-948A-4FAB-9DFE-CDDA9A1EA9AC}.AppStore|iPhone.Build.0 = AppStore|iPhone
		{1A8D3B95-948A-4FAB-9DFE-CDDA9A1EA9AC}.AppStore|iPhoneSimulator.ActiveCfg = AppStore|iPhoneSimulator
		{1A8D3B95-948A-4FAB-9DFE-CDDA9A1EA9AC}.AppStore|iPhoneSimulator.Build.0 = AppStore|iPhoneSimulator
		{1A8D3B95-948A-4FAB-9DFE-CDDA9A1EA9AC}.AppStore|x64.ActiveCfg = AppStore|iPhone
		{1A8D3B95-948A-4FAB-9DFE-CDDA9A1EA9AC}.AppStore|x86.ActiveCfg = AppStore|iPhone
		{1A8D3B95-948A-4FAB-9DFE-CDDA9A1EA9AC}.Debug|Any CPU.ActiveCfg = Debug|iPhone
		{1A8D3B95-948A-4FAB-9DFE-CDDA9A1EA9AC}.Debug|ARM.ActiveCfg = Debug|iPhone
		{1A8D3B95-948A-4FAB-9DFE-CDDA9A1EA9AC}.Debug|iPhone.ActiveCfg = Debug|iPhone
		{1A8D3B95-948A-4FAB-9DFE-CDDA9A1EA9AC}.Debug|iPhone.Build.0 = Debug|iPhone
		{1A8D3B95-948A-4FAB-9DFE-CDDA9A1EA9AC}.Debug|iPhoneSimulator.ActiveCfg = Debug|iPhoneSimulator
		{1A8D3B95-948A-4FAB-9DFE-CDDA9A1EA9AC}.Debug|iPhoneSimulator.Build.0 = Debug|iPhoneSimulator
		{1A8D3B95-948A-4FAB-9DFE-CDDA9A1EA9AC}.Debug|x64.ActiveCfg = Debug|iPhone
		{1A8D3B95-948A-4FAB-9DFE-CDDA9A1EA9AC}.Debug|x86.ActiveCfg = Debug|iPhone
		{1A8D3B95-948A-4FAB-9DFE-CDDA9A1EA9AC}.Release|Any CPU.ActiveCfg = Release|iPhone
		{1A8D3B95-948A-4FAB-9DFE-CDDA9A1EA9AC}.Release|ARM.ActiveCfg = Release|iPhone
		{1A8D3B95-948A-4FAB-9DFE-CDDA9A1EA9AC}.Release|iPhone.ActiveCfg = Release|iPhone
		{1A8D3B95-948A-4FAB-9DFE-CDDA9A1EA9AC}.Release|iPhone.Build.0 = Release|iPhone
		{1A8D3B95-948A-4FAB-9DFE-CDDA9A1EA9AC}.Release|iPhoneSimulator.ActiveCfg = Release|iPhoneSimulator
		{1A8D3B95-948A-4FAB-9DFE-CDDA9A1EA9AC}.Release|iPhoneSimulator.Build.0 = Release|iPhoneSimulator
		{1A8D3B95-948A-4FAB-9DFE-CDDA9A1EA9AC}.Release|x64.ActiveCfg = Release|iPhone
		{1A8D3B95-948A-4FAB-9DFE-CDDA9A1EA9AC}.Release|x86.ActiveCfg = Release|iPhone
	EndGlobalSection
	GlobalSection(SolutionProperties) = preSolution
		HideSolutionNode = FALSE
	EndGlobalSection
EndGlobal
